
Microsoft Visual Studio Solution File, Format Version 12.00
# Visual Studio Version 16
VisualStudioVersion = 16.0.29424.173
MinimumVisualStudioVersion = 10.0.40219.1
Project("{9A19103F-16F7-4668-BE54-9A1E7A4F7556}") = "ConsoleApp1", "ConsoleApp1\ConsoleApp1.csproj", "{B873CA3F-5C16-424D-9A74-A31E2AD4E579}"
EndProject
Project("{9A19103F-16F7-4668-BE54-9A1E7A4F7556}") = "Business", "Business\Business.csproj", "{72344A26-7AC7-4663-92EE-D43A2556441B}"
EndProject
Project("{9A19103F-16F7-4668-BE54-9A1E7A4F7556}") = "Business.Tests", "Business.Tests\Business.Tests.csproj", "{2DA3F355-E04C-43ED-8C7C-FCAF9857D1CE}"
EndProject
Project("{9A19103F-16F7-4668-BE54-9A1E7A4F7556}") = "ConsoleApp2", "ConsoleApp2\ConsoleApp2.csproj", "{A15AD572-F165-45DC-84F2-5019A125C9F9}"
EndProject
Project("{9A19103F-16F7-4668-BE54-9A1E7A4F7556}") = "ConsoleApp3", "ConsoleApp3\ConsoleApp3.csproj", "{367DADE8-06B0-4AA6-A1CC-CEF844731E4A}"
EndProject
Project("{9A19103F-16F7-4668-BE54-9A1E7A4F7556}") = "MyEnumeratorDisposeEvent", "MyEnumeratorDispose\MyEnumeratorDisposeEvent.csproj", "{C1A01708-388E-4384-8BAC-1B450693615B}"
EndProject
Project("{9A19103F-16F7-4668-BE54-9A1E7A4F7556}") = "Factorial", "Factorial\Factorial.csproj", "{5B4A3928-3AB2-4700-81D5-2D5F84C88491}"
EndProject
Project("{FAE04EC0-301F-11D3-BF4B-00C04F79EFBC}") = "Expression", "Expression\Expression.csproj", "{D005310B-D3DE-4091-A232-6F68B957C126}"
EndProject
Global
	GlobalSection(SolutionConfigurationPlatforms) = preSolution
		Debug|Any CPU = Debug|Any CPU
		Release|Any CPU = Release|Any CPU
	EndGlobalSection
	GlobalSection(ProjectConfigurationPlatforms) = postSolution
		{B873CA3F-5C16-424D-9A74-A31E2AD4E579}.Debug|Any CPU.ActiveCfg = Debug|Any CPU
		{B873CA3F-5C16-424D-9A74-A31E2AD4E579}.Debug|Any CPU.Build.0 = Debug|Any CPU
		{B873CA3F-5C16-424D-9A74-A31E2AD4E579}.Release|Any CPU.ActiveCfg = Release|Any CPU
		{B873CA3F-5C16-424D-9A74-A31E2AD4E579}.Release|Any CPU.Build.0 = Release|Any CPU
		{72344A26-7AC7-4663-92EE-D43A2556441B}.Debug|Any CPU.ActiveCfg = Debug|Any CPU
		{72344A26-7AC7-4663-92EE-D43A2556441B}.Debug|Any CPU.Build.0 = Debug|Any CPU
		{72344A26-7AC7-4663-92EE-D43A2556441B}.Release|Any CPU.ActiveCfg = Release|Any CPU
		{72344A26-7AC7-4663-92EE-D43A2556441B}.Release|Any CPU.Build.0 = Release|Any CPU
		{2DA3F355-E04C-43ED-8C7C-FCAF9857D1CE}.Debug|Any CPU.ActiveCfg = Debug|Any CPU
		{2DA3F355-E04C-43ED-8C7C-FCAF9857D1CE}.Debug|Any CPU.Build.0 = Debug|Any CPU
		{2DA3F355-E04C-43ED-8C7C-FCAF9857D1CE}.Release|Any CPU.ActiveCfg = Release|Any CPU
		{2DA3F355-E04C-43ED-8C7C-FCAF9857D1CE}.Release|Any CPU.Build.0 = Release|Any CPU
		{A15AD572-F165-45DC-84F2-5019A125C9F9}.Debug|Any CPU.ActiveCfg = Debug|Any CPU
		{A15AD572-F165-45DC-84F2-5019A125C9F9}.Debug|Any CPU.Build.0 = Debug|Any CPU
		{A15AD572-F165-45DC-84F2-5019A125C9F9}.Release|Any CPU.ActiveCfg = Release|Any CPU
		{A15AD572-F165-45DC-84F2-5019A125C9F9}.Release|Any CPU.Build.0 = Release|Any CPU
		{367DADE8-06B0-4AA6-A1CC-CEF844731E4A}.Debug|Any CPU.ActiveCfg = Debug|Any CPU
		{367DADE8-06B0-4AA6-A1CC-CEF844731E4A}.Debug|Any CPU.Build.0 = Debug|Any CPU
		{367DADE8-06B0-4AA6-A1CC-CEF844731E4A}.Release|Any CPU.ActiveCfg = Release|Any CPU
		{367DADE8-06B0-4AA6-A1CC-CEF844731E4A}.Release|Any CPU.Build.0 = Release|Any CPU
		{C1A01708-388E-4384-8BAC-1B450693615B}.Debug|Any CPU.ActiveCfg = Debug|Any CPU
		{C1A01708-388E-4384-8BAC-1B450693615B}.Debug|Any CPU.Build.0 = Debug|Any CPU
		{C1A01708-388E-4384-8BAC-1B450693615B}.Release|Any CPU.ActiveCfg = Release|Any CPU
		{C1A01708-388E-4384-8BAC-1B450693615B}.Release|Any CPU.Build.0 = Release|Any CPU
		{5B4A3928-3AB2-4700-81D5-2D5F84C88491}.Debug|Any CPU.ActiveCfg = Debug|Any CPU
		{5B4A3928-3AB2-4700-81D5-2D5F84C88491}.Debug|Any CPU.Build.0 = Debug|Any CPU
		{5B4A3928-3AB2-4700-81D5-2D5F84C88491}.Release|Any CPU.ActiveCfg = Release|Any CPU
		{5B4A3928-3AB2-4700-81D5-2D5F84C88491}.Release|Any CPU.Build.0 = Release|Any CPU
		{D005310B-D3DE-4091-A232-6F68B957C126}.Debug|Any CPU.ActiveCfg = Debug|Any CPU
		{D005310B-D3DE-4091-A232-6F68B957C126}.Debug|Any CPU.Build.0 = Debug|Any CPU
		{D005310B-D3DE-4091-A232-6F68B957C126}.Release|Any CPU.ActiveCfg = Release|Any CPU
		{D005310B-D3DE-4091-A232-6F68B957C126}.Release|Any CPU.Build.0 = Release|Any CPU
	EndGlobalSection
	GlobalSection(SolutionProperties) = preSolution
		HideSolutionNode = FALSE
	EndGlobalSection
	GlobalSection(ExtensibilityGlobals) = postSolution
		SolutionGuid = {240A0E23-7C49-4B9C-BC62-6CB443A1AD29}
	EndGlobalSection
EndGlobal
